
Microsoft Visual Studio Solution File, Format Version 12.00
# Visual Studio Version 17
VisualStudioVersion = 17.11.35327.3
MinimumVisualStudioVersion = 10.0.40219.1
Project("{9A19103F-16F7-4668-BE54-9A1E7A4F7556}") = "ProgramlamaGiris", "ProgramlamaGiris\ProgramlamaGiris.csproj", "{3BB86A2E-E172-415E-9369-AE3ECD4F4406}"
EndProject
Project("{9A19103F-16F7-4668-BE54-9A1E7A4F7556}") = "Konu01Degiskenler", "Konu01Degiskenler\Konu01Degiskenler.csproj", "{2B765C31-E54B-4713-B962-7BFAF932CB7E}"
EndProject
Project("{9A19103F-16F7-4668-BE54-9A1E7A4F7556}") = "Konu02TipDonusumleri", "Konu02TipDonusumleri\Konu02TipDonusumleri.csproj", "{8B373A82-3CF3-4873-A4DA-2446F4F8741A}"
EndProject
Project("{9A19103F-16F7-4668-BE54-9A1E7A4F7556}") = "Konu03Operatorler", "Konu03Operatorler\Konu03Operatorler.csproj", "{0B6C48A4-BDEF-4570-A5D8-2E7E8499F4E0}"
EndProject
Project("{9A19103F-16F7-4668-BE54-9A1E7A4F7556}") = "Konu04KosulYapilari", "Konu04KosulYapilari\Konu04KosulYapilari.csproj", "{AC86400A-E8F5-48FB-9EA7-9406AE383CD1}"
EndProject
Project("{9A19103F-16F7-4668-BE54-9A1E7A4F7556}") = "Konu05Metotlar", "Konu05Metotlar\Konu05Metotlar.csproj", "{BF9FF204-E5BD-4D23-899B-B79A55194002}"
EndProject
Project("{9A19103F-16F7-4668-BE54-9A1E7A4F7556}") = "Konu06Diziler", "Konu06Diziler\Konu06Diziler.csproj", "{9F9A5104-E011-4EDF-9109-4CB2E8D20201}"
EndProject
Project("{9A19103F-16F7-4668-BE54-9A1E7A4F7556}") = "Konu07Donguler", "Konu07Donguler\Konu07Donguler.csproj", "{3DDAB8A1-5F8A-40B8-94CC-C7802058E10C}"
EndProject
Project("{9A19103F-16F7-4668-BE54-9A1E7A4F7556}") = "Konu08SiniflarClasses", "Konu08SiniflarClasses\Konu08SiniflarClasses.csproj", "{C9CE3DFB-67C7-4ECE-9AF7-C43EBF8137C3}"
EndProject
Project("{9A19103F-16F7-4668-BE54-9A1E7A4F7556}") = "Konu09StructYapilar", "Konu09StructYapilar\Konu09StructYapilar.csproj", "{E74C97B2-F1DF-44B5-BB79-B66C962C9F98}"
EndProject
Project("{9A19103F-16F7-4668-BE54-9A1E7A4F7556}") = "Konu10StringSinifi", "Konu10StringSinifi\Konu10StringSinifi.csproj", "{76FEAE9A-9049-4D82-8518-3D2F4143B12C}"
EndProject
Project("{9A19103F-16F7-4668-BE54-9A1E7A4F7556}") = "Konu11Enumlar", "Konu11Enumlar\Konu11Enumlar.csproj", "{467E7460-4C89-4F5E-AB65-16FE9434AF67}"
EndProject
Project("{9A19103F-16F7-4668-BE54-9A1E7A4F7556}") = "Konu12KalitimInheritance", "Konu12KalitimInheritance\Konu12KalitimInheritance.csproj", "{DD6C65BA-B510-4F18-81FD-9AEA1A018703}"
EndProject
Project("{9A19103F-16F7-4668-BE54-9A1E7A4F7556}") = "Konu13Kapsulleme", "Konu13Kapsulleme\Konu13Kapsulleme.csproj", "{373E2507-D303-4EDC-8E0E-F32A74A9EEB7}"
EndProject
Project("{9A19103F-16F7-4668-BE54-9A1E7A4F7556}") = "Konu14InterfacesArayuzler", "Konu14InterfacesArayuzler\Konu14InterfacesArayuzler.csproj", "{84E45E8B-5891-4351-BA6E-AA1452DC1088}"
EndProject
Project("{9A19103F-16F7-4668-BE54-9A1E7A4F7556}") = "Konu15AbstractClaslar", "Konu15AbstractClaslar\Konu15AbstractClaslar.csproj", "{B23C8D33-FF86-4539-8269-52E7625AC7D0}"
EndProject
Project("{9A19103F-16F7-4668-BE54-9A1E7A4F7556}") = "Konu16Collections", "Konu16Collections\Konu16Collections.csproj", "{6F84F4FE-A20E-4B79-90E7-AAA3A67F55AE}"
EndProject
Project("{FAE04EC0-301F-11D3-BF4B-00C04F79EFBC}") = "Konu17HataYonetimi", "Konu17HataYonetimi\Konu17HataYonetimi.csproj", "{811830FB-4137-4195-B1D3-0A03F79F992B}"
EndProject
Project("{FAE04EC0-301F-11D3-BF4B-00C04F79EFBC}") = "SOLIDPrensipleri", "SOLIDPrensipleri\SOLIDPrensipleri.csproj", "{725E2D67-5CD1-4A20-85FD-80D47FDFB765}"
EndProject
Project("{FAE04EC0-301F-11D3-BF4B-00C04F79EFBC}") = "WindowsFormsEgitim", "WindowsFormsEgitim\WindowsFormsEgitim.csproj", "{914ED5DD-27EF-4391-A18C-B3F9C9FD9FFD}"
EndProject
Project("{FAE04EC0-301F-11D3-BF4B-00C04F79EFBC}") = "WindowsFormsAppAdoNet", "WindowsFormsAppAdoNet\WindowsFormsAppAdoNet.csproj", "{54CE7E97-CD3F-4C2E-89C3-26FD9B740AD4}"
EndProject
Project("{FAE04EC0-301F-11D3-BF4B-00C04F79EFBC}") = "WindowsFormsAppEntityFramework", "WindowsFormsAppEntityFramework\WindowsFormsAppEntityFramework.csproj", "{6D4A9025-6606-4F2E-891D-8A0672529BDE}"
EndProject
Project("{FAE04EC0-301F-11D3-BF4B-00C04F79EFBC}") = "ClassLibrary1", "ClassLibrary1\ClassLibrary1.csproj", "{EA0CF7CF-9060-4527-A72A-A97B4EFDE43E}"
EndProject
Project("{2150E333-8FDC-42A3-9474-1A3956D46DE8}") = "WebEgitimi", "WebEgitimi", "{C03D86D4-8C57-4A34-AA8C-0C25318440D8}"
	ProjectSection(SolutionItems) = preProject
		index.html = index.html
	EndProjectSection
EndProject
Project("{2150E333-8FDC-42A3-9474-1A3956D46DE8}") = "Images", "Images", "{249E8DC1-CCFF-4580-91B1-10BAC25EE8A2}"
	ProjectSection(SolutionItems) = preProject
		..\..\..\Desktop\favicon.ico = ..\..\..\Desktop\favicon.ico
		..\..\..\Desktop\googlelogo.png = ..\..\..\Desktop\googlelogo.png
	EndProjectSection
EndProject
Global
	GlobalSection(SolutionConfigurationPlatforms) = preSolution
		Debug|Any CPU = Debug|Any CPU
		Release|Any CPU = Release|Any CPU
	EndGlobalSection
	GlobalSection(ProjectConfigurationPlatforms) = postSolution
		{3BB86A2E-E172-415E-9369-AE3ECD4F4406}.Debug|Any CPU.ActiveCfg = Debug|Any CPU
		{3BB86A2E-E172-415E-9369-AE3ECD4F4406}.Debug|Any CPU.Build.0 = Debug|Any CPU
		{3BB86A2E-E172-415E-9369-AE3ECD4F4406}.Release|Any CPU.ActiveCfg = Release|Any CPU
		{3BB86A2E-E172-415E-9369-AE3ECD4F4406}.Release|Any CPU.Build.0 = Release|Any CPU
		{2B765C31-E54B-4713-B962-7BFAF932CB7E}.Debug|Any CPU.ActiveCfg = Debug|Any CPU
		{2B765C31-E54B-4713-B962-7BFAF932CB7E}.Debug|Any CPU.Build.0 = Debug|Any CPU
		{2B765C31-E54B-4713-B962-7BFAF932CB7E}.Release|Any CPU.ActiveCfg = Release|Any CPU
		{2B765C31-E54B-4713-B962-7BFAF932CB7E}.Release|Any CPU.Build.0 = Release|Any CPU
		{8B373A82-3CF3-4873-A4DA-2446F4F8741A}.Debug|Any CPU.ActiveCfg = Debug|Any CPU
		{8B373A82-3CF3-4873-A4DA-2446F4F8741A}.Debug|Any CPU.Build.0 = Debug|Any CPU
		{8B373A82-3CF3-4873-A4DA-2446F4F8741A}.Release|Any CPU.ActiveCfg = Release|Any CPU
		{8B373A82-3CF3-4873-A4DA-2446F4F8741A}.Release|Any CPU.Build.0 = Release|Any CPU
		{0B6C48A4-BDEF-4570-A5D8-2E7E8499F4E0}.Debug|Any CPU.ActiveCfg = Debug|Any CPU
		{0B6C48A4-BDEF-4570-A5D8-2E7E8499F4E0}.Debug|Any CPU.Build.0 = Debug|Any CPU
		{0B6C48A4-BDEF-4570-A5D8-2E7E8499F4E0}.Release|Any CPU.ActiveCfg = Release|Any CPU
		{0B6C48A4-BDEF-4570-A5D8-2E7E8499F4E0}.Release|Any CPU.Build.0 = Release|Any CPU
		{AC86400A-E8F5-48FB-9EA7-9406AE383CD1}.Debug|Any CPU.ActiveCfg = Debug|Any CPU
		{AC86400A-E8F5-48FB-9EA7-9406AE383CD1}.Debug|Any CPU.Build.0 = Debug|Any CPU
		{AC86400A-E8F5-48FB-9EA7-9406AE383CD1}.Release|Any CPU.ActiveCfg = Release|Any CPU
		{AC86400A-E8F5-48FB-9EA7-9406AE383CD1}.Release|Any CPU.Build.0 = Release|Any CPU
		{BF9FF204-E5BD-4D23-899B-B79A55194002}.Debug|Any CPU.ActiveCfg = Debug|Any CPU
		{BF9FF204-E5BD-4D23-899B-B79A55194002}.Debug|Any CPU.Build.0 = Debug|Any CPU
		{BF9FF204-E5BD-4D23-899B-B79A55194002}.Release|Any CPU.ActiveCfg = Release|Any CPU
		{BF9FF204-E5BD-4D23-899B-B79A55194002}.Release|Any CPU.Build.0 = Release|Any CPU
		{9F9A5104-E011-4EDF-9109-4CB2E8D20201}.Debug|Any CPU.ActiveCfg = Debug|Any CPU
		{9F9A5104-E011-4EDF-9109-4CB2E8D20201}.Debug|Any CPU.Build.0 = Debug|Any CPU
		{9F9A5104-E011-4EDF-9109-4CB2E8D20201}.Release|Any CPU.ActiveCfg = Release|Any CPU
		{9F9A5104-E011-4EDF-9109-4CB2E8D20201}.Release|Any CPU.Build.0 = Release|Any CPU
		{3DDAB8A1-5F8A-40B8-94CC-C7802058E10C}.Debug|Any CPU.ActiveCfg = Debug|Any CPU
		{3DDAB8A1-5F8A-40B8-94CC-C7802058E10C}.Debug|Any CPU.Build.0 = Debug|Any CPU
		{3DDAB8A1-5F8A-40B8-94CC-C7802058E10C}.Release|Any CPU.ActiveCfg = Release|Any CPU
		{3DDAB8A1-5F8A-40B8-94CC-C7802058E10C}.Release|Any CPU.Build.0 = Release|Any CPU
		{C9CE3DFB-67C7-4ECE-9AF7-C43EBF8137C3}.Debug|Any CPU.ActiveCfg = Debug|Any CPU
		{C9CE3DFB-67C7-4ECE-9AF7-C43EBF8137C3}.Debug|Any CPU.Build.0 = Debug|Any CPU
		{C9CE3DFB-67C7-4ECE-9AF7-C43EBF8137C3}.Release|Any CPU.ActiveCfg = Release|Any CPU
		{C9CE3DFB-67C7-4ECE-9AF7-C43EBF8137C3}.Release|Any CPU.Build.0 = Release|Any CPU
		{E74C97B2-F1DF-44B5-BB79-B66C962C9F98}.Debug|Any CPU.ActiveCfg = Debug|Any CPU
		{E74C97B2-F1DF-44B5-BB79-B66C962C9F98}.Debug|Any CPU.Build.0 = Debug|Any CPU
		{E74C97B2-F1DF-44B5-BB79-B66C962C9F98}.Release|Any CPU.ActiveCfg = Release|Any CPU
		{E74C97B2-F1DF-44B5-BB79-B66C962C9F98}.Release|Any CPU.Build.0 = Release|Any CPU
		{76FEAE9A-9049-4D82-8518-3D2F4143B12C}.Debug|Any CPU.ActiveCfg = Debug|Any CPU
		{76FEAE9A-9049-4D82-8518-3D2F4143B12C}.Debug|Any CPU.Build.0 = Debug|Any CPU
		{76FEAE9A-9049-4D82-8518-3D2F4143B12C}.Release|Any CPU.ActiveCfg = Release|Any CPU
		{76FEAE9A-9049-4D82-8518-3D2F4143B12C}.Release|Any CPU.Build.0 = Release|Any CPU
		{467E7460-4C89-4F5E-AB65-16FE9434AF67}.Debug|Any CPU.ActiveCfg = Debug|Any CPU
		{467E7460-4C89-4F5E-AB65-16FE9434AF67}.Debug|Any CPU.Build.0 = Debug|Any CPU
		{467E7460-4C89-4F5E-AB65-16FE9434AF67}.Release|Any CPU.ActiveCfg = Release|Any CPU
		{467E7460-4C89-4F5E-AB65-16FE9434AF67}.Release|Any CPU.Build.0 = Release|Any CPU
		{DD6C65BA-B510-4F18-81FD-9AEA1A018703}.Debug|Any CPU.ActiveCfg = Debug|Any CPU
		{DD6C65BA-B510-4F18-81FD-9AEA1A018703}.Debug|Any CPU.Build.0 = Debug|Any CPU
		{DD6C65BA-B510-4F18-81FD-9AEA1A018703}.Release|Any CPU.ActiveCfg = Release|Any CPU
		{DD6C65BA-B510-4F18-81FD-9AEA1A018703}.Release|Any CPU.Build.0 = Release|Any CPU
		{373E2507-D303-4EDC-8E0E-F32A74A9EEB7}.Debug|Any CPU.ActiveCfg = Debug|Any CPU
		{373E2507-D303-4EDC-8E0E-F32A74A9EEB7}.Debug|Any CPU.Build.0 = Debug|Any CPU
		{373E2507-D303-4EDC-8E0E-F32A74A9EEB7}.Release|Any CPU.ActiveCfg = Release|Any CPU
		{373E2507-D303-4EDC-8E0E-F32A74A9EEB7}.Release|Any CPU.Build.0 = Release|Any CPU
		{84E45E8B-5891-4351-BA6E-AA1452DC1088}.Debug|Any CPU.ActiveCfg = Debug|Any CPU
		{84E45E8B-5891-4351-BA6E-AA1452DC1088}.Debug|Any CPU.Build.0 = Debug|Any CPU
		{84E45E8B-5891-4351-BA6E-AA1452DC1088}.Release|Any CPU.ActiveCfg = Release|Any CPU
		{84E45E8B-5891-4351-BA6E-AA1452DC1088}.Release|Any CPU.Build.0 = Release|Any CPU
		{B23C8D33-FF86-4539-8269-52E7625AC7D0}.Debug|Any CPU.ActiveCfg = Debug|Any CPU
		{B23C8D33-FF86-4539-8269-52E7625AC7D0}.Debug|Any CPU.Build.0 = Debug|Any CPU
		{B23C8D33-FF86-4539-8269-52E7625AC7D0}.Release|Any CPU.ActiveCfg = Release|Any CPU
		{B23C8D33-FF86-4539-8269-52E7625AC7D0}.Release|Any CPU.Build.0 = Release|Any CPU
		{6F84F4FE-A20E-4B79-90E7-AAA3A67F55AE}.Debug|Any CPU.ActiveCfg = Debug|Any CPU
		{6F84F4FE-A20E-4B79-90E7-AAA3A67F55AE}.Debug|Any CPU.Build.0 = Debug|Any CPU
		{6F84F4FE-A20E-4B79-90E7-AAA3A67F55AE}.Release|Any CPU.ActiveCfg = Release|Any CPU
		{6F84F4FE-A20E-4B79-90E7-AAA3A67F55AE}.Release|Any CPU.Build.0 = Release|Any CPU
		{811830FB-4137-4195-B1D3-0A03F79F992B}.Debug|Any CPU.ActiveCfg = Debug|Any CPU
		{811830FB-4137-4195-B1D3-0A03F79F992B}.Debug|Any CPU.Build.0 = Debug|Any CPU
		{811830FB-4137-4195-B1D3-0A03F79F992B}.Release|Any CPU.ActiveCfg = Release|Any CPU
		{811830FB-4137-4195-B1D3-0A03F79F992B}.Release|Any CPU.Build.0 = Release|Any CPU
		{725E2D67-5CD1-4A20-85FD-80D47FDFB765}.Debug|Any CPU.ActiveCfg = Debug|Any CPU
		{725E2D67-5CD1-4A20-85FD-80D47FDFB765}.Debug|Any CPU.Build.0 = Debug|Any CPU
		{725E2D67-5CD1-4A20-85FD-80D47FDFB765}.Release|Any CPU.ActiveCfg = Release|Any CPU
		{725E2D67-5CD1-4A20-85FD-80D47FDFB765}.Release|Any CPU.Build.0 = Release|Any CPU
		{914ED5DD-27EF-4391-A18C-B3F9C9FD9FFD}.Debug|Any CPU.ActiveCfg = Debug|Any CPU
		{914ED5DD-27EF-4391-A18C-B3F9C9FD9FFD}.Debug|Any CPU.Build.0 = Debug|Any CPU
		{914ED5DD-27EF-4391-A18C-B3F9C9FD9FFD}.Release|Any CPU.ActiveCfg = Release|Any CPU
		{914ED5DD-27EF-4391-A18C-B3F9C9FD9FFD}.Release|Any CPU.Build.0 = Release|Any CPU
		{54CE7E97-CD3F-4C2E-89C3-26FD9B740AD4}.Debug|Any CPU.ActiveCfg = Debug|Any CPU
		{54CE7E97-CD3F-4C2E-89C3-26FD9B740AD4}.Debug|Any CPU.Build.0 = Debug|Any CPU
		{54CE7E97-CD3F-4C2E-89C3-26FD9B740AD4}.Release|Any CPU.ActiveCfg = Release|Any CPU
		{54CE7E97-CD3F-4C2E-89C3-26FD9B740AD4}.Release|Any CPU.Build.0 = Release|Any CPU
		{6D4A9025-6606-4F2E-891D-8A0672529BDE}.Debug|Any CPU.ActiveCfg = Debug|Any CPU
		{6D4A9025-6606-4F2E-891D-8A0672529BDE}.Debug|Any CPU.Build.0 = Debug|Any CPU
		{6D4A9025-6606-4F2E-891D-8A0672529BDE}.Release|Any CPU.ActiveCfg = Release|Any CPU
		{6D4A9025-6606-4F2E-891D-8A0672529BDE}.Release|Any CPU.Build.0 = Release|Any CPU
		{EA0CF7CF-9060-4527-A72A-A97B4EFDE43E}.Debug|Any CPU.ActiveCfg = Debug|Any CPU
		{EA0CF7CF-9060-4527-A72A-A97B4EFDE43E}.Debug|Any CPU.Build.0 = Debug|Any CPU
		{EA0CF7CF-9060-4527-A72A-A97B4EFDE43E}.Release|Any CPU.ActiveCfg = Release|Any CPU
		{EA0CF7CF-9060-4527-A72A-A97B4EFDE43E}.Release|Any CPU.Build.0 = Release|Any CPU
	EndGlobalSection
	GlobalSection(SolutionProperties) = preSolution
		HideSolutionNode = FALSE
	EndGlobalSection
	GlobalSection(NestedProjects) = preSolution
		{249E8DC1-CCFF-4580-91B1-10BAC25EE8A2} = {C03D86D4-8C57-4A34-AA8C-0C25318440D8}
	EndGlobalSection
	GlobalSection(ExtensibilityGlobals) = postSolution
		SolutionGuid = {949D0448-50A2-4A4A-8CE1-A61E999FE6F5}
	EndGlobalSection
EndGlobal
